{
  "version": 4,
  "terraform_version": "1.8.3",
  "serial": 3,
  "lineage": "0ee31729-809f-33cc-f25a-87b356d86e85",
  "outputs": {},
  "resources": [
    {
      "mode": "managed",
      "type": "local_file",
      "name": "helloworld",
      "provider": "provider[\"registry.terraform.io/hashicorp/local\"]",
      "instances": [
        {
          "schema_version": 0,
          "attributes": {
            "content": "hello world!",
            "content_base64": null,
            "content_base64sha256": "dQnlvaDHYtK6x/kNdYtbImP6Acy8VCq1498WO+CObKk=",
            "content_base64sha512": "25sc0yYt7jd1agm5BklzWJhHyqjlPTGp0ULqJwGxsoq9l4OLuaJwaLowXcjQSkWh/PB53lTWB2ZplrPMVPa2fA==",
            "content_md5": "fc3ff98e8c6a0d3087d515c0473f8677",
            "content_sha1": "430ce34d020724ed75a196dfc2ad67c77772d169",
            "content_sha256": "7509e5bda0c762d2bac7f90d758b5b2263fa01ccbc542ab5e3df163be08e6ca9",
            "content_sha512": "db9b1cd3262dee37756a09b9064973589847caa8e53d31a9d142ea2701b1b28abd97838bb9a27068ba305dc8d04a45a1fcf079de54d607666996b3cc54f6b67c",
            "directory_permission": "0777",
            "file_permission": "0777",
            "filename": "hello.txt",
            "id": "430ce34d020724ed75a196dfc2ad67c77772d169",
            "sensitive_content": null,
            "source": null
          },
          "sensitive_attributes": [
            [
              {
                "type": "get_attr",
                "value": "sensitive_content"
              }
            ]
          ]
        }
      ]
    },
    {
      "mode": "managed",
      "type": "local_file",
      "name": "local_sample",
      "provider": "provider[\"registry.terraform.io/hashicorp/local\"]",
      "instances": [
        {
          "schema_version": 0,
          "attributes": {
            "content": "hello world at local!",
            "content_base64": null,
            "content_base64sha256": "qzU+jXAVOYzd/pPGAamgK8IJIQEJIqu6V8l9G0F058Y=",
            "content_base64sha512": "v21BbVLomNpZCNk0/8M9OQxkwV8wc5A4JVCR9YkediH+tV0Sspn1Uo1bC5ntgPZIwBtz/nElx6D2OlaCkgDVDQ==",
            "content_md5": "5855d306a2d7941c91fd23b3e9929fa7",
            "content_sha1": "95b544d409630695d13a84a310f35435e440aa60",
            "content_sha256": "ab353e8d7015398cddfe93c601a9a02bc20921010922abba57c97d1b4174e7c6",
            "content_sha512": "bf6d416d52e898da5908d934ffc33d390c64c15f30739038255091f5891e7621feb55d12b299f5528d5b0b99ed80f648c01b73fe7125c7a0f63a56829200d50d",
            "directory_permission": "0777",
            "file_permission": "0777",
            "filename": "hello_local.txt",
            "id": "95b544d409630695d13a84a310f35435e440aa60",
            "sensitive_content": null,
            "source": null
          },
          "sensitive_attributes": [
            [
              {
                "type": "get_attr",
                "value": "sensitive_content"
              }
            ]
          ]
        }
      ]
    }
  ],
  "check_results": null
}
